
Microsoft Visual Studio Solution File, Format Version 12.00
# Visual Studio Version 17
VisualStudioVersion = 17.8.34316.72
MinimumVisualStudioVersion = 10.0.40219.1
Project("{9A19103F-16F7-4668-BE54-9A1E7A4F7556}") = "System.UI", "System\System.UI.csproj", "{BF0BC513-9C6C-4C7A-99D0-7F42807135A4}"
EndProject
Project("{9A19103F-16F7-4668-BE54-9A1E7A4F7556}") = "System.Api", "System.Api\System.Api.csproj", "{275CD729-8CDE-4B25-8886-FE79C3E0E0C8}"
EndProject
Project("{9A19103F-16F7-4668-BE54-9A1E7A4F7556}") = "Model", "Model\Model.csproj", "{3ED8A9DA-AE66-4542-802A-818BBCA91334}"
EndProject
Project("{9A19103F-16F7-4668-BE54-9A1E7A4F7556}") = "System.Domain", "System.Domain\System.Domain.csproj", "{25C1705D-89C3-4738-95E8-DDC7FE408A3A}"
EndProject
Project("{9A19103F-16F7-4668-BE54-9A1E7A4F7556}") = "System.Infrastructure", "System.Infrastructure\System.Infrastructure.csproj", "{D7A597C1-DDF1-4BBD-B85D-80D829EC3E7F}"
EndProject
Project("{2150E333-8FDC-42A3-9474-1A3956D46DE8}") = "API", "API", "{1F926C8F-E7D2-421A-BF62-6EEABD6B7EA6}"
EndProject
Project("{2150E333-8FDC-42A3-9474-1A3956D46DE8}") = "Client", "Client", "{71525AF3-5AE0-4773-964E-D883E1B815D1}"
EndProject
Project("{2150E333-8FDC-42A3-9474-1A3956D46DE8}") = "Shared", "Shared", "{A27BB59E-48B4-40DD-AD74-387237EB0AA4}"
EndProject
Project("{9A19103F-16F7-4668-BE54-9A1E7A4F7556}") = "System.Skins", "System.Skins\System.Skins.csproj", "{9B836482-49DF-41FD-8260-0A5D7C0AE675}"
EndProject
Project("{9A19103F-16F7-4668-BE54-9A1E7A4F7556}") = "System.CustomControl", "System.CustomControl\System.CustomControl.csproj", "{D60FAF04-E0EE-4E84-BCE4-55F7A1F973D5}"
EndProject
Project("{9A19103F-16F7-4668-BE54-9A1E7A4F7556}") = "test", "test\test.csproj", "{2BA3A68D-2D21-45CA-8430-BE4D688C2462}"
EndProject
Global
	GlobalSection(SolutionConfigurationPlatforms) = preSolution
		Debug|Any CPU = Debug|Any CPU
		Release|Any CPU = Release|Any CPU
	EndGlobalSection
	GlobalSection(ProjectConfigurationPlatforms) = postSolution
		{BF0BC513-9C6C-4C7A-99D0-7F42807135A4}.Debug|Any CPU.ActiveCfg = Debug|Any CPU
		{BF0BC513-9C6C-4C7A-99D0-7F42807135A4}.Debug|Any CPU.Build.0 = Debug|Any CPU
		{BF0BC513-9C6C-4C7A-99D0-7F42807135A4}.Release|Any CPU.ActiveCfg = Release|Any CPU
		{BF0BC513-9C6C-4C7A-99D0-7F42807135A4}.Release|Any CPU.Build.0 = Release|Any CPU
		{275CD729-8CDE-4B25-8886-FE79C3E0E0C8}.Debug|Any CPU.ActiveCfg = Debug|Any CPU
		{275CD729-8CDE-4B25-8886-FE79C3E0E0C8}.Debug|Any CPU.Build.0 = Debug|Any CPU
		{275CD729-8CDE-4B25-8886-FE79C3E0E0C8}.Release|Any CPU.ActiveCfg = Release|Any CPU
		{275CD729-8CDE-4B25-8886-FE79C3E0E0C8}.Release|Any CPU.Build.0 = Release|Any CPU
		{3ED8A9DA-AE66-4542-802A-818BBCA91334}.Debug|Any CPU.ActiveCfg = Debug|Any CPU
		{3ED8A9DA-AE66-4542-802A-818BBCA91334}.Debug|Any CPU.Build.0 = Debug|Any CPU
		{3ED8A9DA-AE66-4542-802A-818BBCA91334}.Release|Any CPU.ActiveCfg = Release|Any CPU
		{3ED8A9DA-AE66-4542-802A-818BBCA91334}.Release|Any CPU.Build.0 = Release|Any CPU
		{25C1705D-89C3-4738-95E8-DDC7FE408A3A}.Debug|Any CPU.ActiveCfg = Debug|Any CPU
		{25C1705D-89C3-4738-95E8-DDC7FE408A3A}.Debug|Any CPU.Build.0 = Debug|Any CPU
		{25C1705D-89C3-4738-95E8-DDC7FE408A3A}.Release|Any CPU.ActiveCfg = Release|Any CPU
		{25C1705D-89C3-4738-95E8-DDC7FE408A3A}.Release|Any CPU.Build.0 = Release|Any CPU
		{D7A597C1-DDF1-4BBD-B85D-80D829EC3E7F}.Debug|Any CPU.ActiveCfg = Debug|Any CPU
		{D7A597C1-DDF1-4BBD-B85D-80D829EC3E7F}.Debug|Any CPU.Build.0 = Debug|Any CPU
		{D7A597C1-DDF1-4BBD-B85D-80D829EC3E7F}.Release|Any CPU.ActiveCfg = Release|Any CPU
		{D7A597C1-DDF1-4BBD-B85D-80D829EC3E7F}.Release|Any CPU.Build.0 = Release|Any CPU
		{9B836482-49DF-41FD-8260-0A5D7C0AE675}.Debug|Any CPU.ActiveCfg = Debug|Any CPU
		{9B836482-49DF-41FD-8260-0A5D7C0AE675}.Debug|Any CPU.Build.0 = Debug|Any CPU
		{9B836482-49DF-41FD-8260-0A5D7C0AE675}.Release|Any CPU.ActiveCfg = Release|Any CPU
		{9B836482-49DF-41FD-8260-0A5D7C0AE675}.Release|Any CPU.Build.0 = Release|Any CPU
		{D60FAF04-E0EE-4E84-BCE4-55F7A1F973D5}.Debug|Any CPU.ActiveCfg = Debug|Any CPU
		{D60FAF04-E0EE-4E84-BCE4-55F7A1F973D5}.Debug|Any CPU.Build.0 = Debug|Any CPU
		{D60FAF04-E0EE-4E84-BCE4-55F7A1F973D5}.Release|Any CPU.ActiveCfg = Release|Any CPU
		{D60FAF04-E0EE-4E84-BCE4-55F7A1F973D5}.Release|Any CPU.Build.0 = Release|Any CPU
		{2BA3A68D-2D21-45CA-8430-BE4D688C2462}.Debug|Any CPU.ActiveCfg = Debug|Any CPU
		{2BA3A68D-2D21-45CA-8430-BE4D688C2462}.Debug|Any CPU.Build.0 = Debug|Any CPU
		{2BA3A68D-2D21-45CA-8430-BE4D688C2462}.Release|Any CPU.ActiveCfg = Release|Any CPU
		{2BA3A68D-2D21-45CA-8430-BE4D688C2462}.Release|Any CPU.Build.0 = Release|Any CPU
	EndGlobalSection
	GlobalSection(SolutionProperties) = preSolution
		HideSolutionNode = FALSE
	EndGlobalSection
	GlobalSection(NestedProjects) = preSolution
		{BF0BC513-9C6C-4C7A-99D0-7F42807135A4} = {71525AF3-5AE0-4773-964E-D883E1B815D1}
		{275CD729-8CDE-4B25-8886-FE79C3E0E0C8} = {1F926C8F-E7D2-421A-BF62-6EEABD6B7EA6}
		{3ED8A9DA-AE66-4542-802A-818BBCA91334} = {A27BB59E-48B4-40DD-AD74-387237EB0AA4}
		{25C1705D-89C3-4738-95E8-DDC7FE408A3A} = {1F926C8F-E7D2-421A-BF62-6EEABD6B7EA6}
		{D7A597C1-DDF1-4BBD-B85D-80D829EC3E7F} = {1F926C8F-E7D2-421A-BF62-6EEABD6B7EA6}
		{9B836482-49DF-41FD-8260-0A5D7C0AE675} = {71525AF3-5AE0-4773-964E-D883E1B815D1}
		{D60FAF04-E0EE-4E84-BCE4-55F7A1F973D5} = {71525AF3-5AE0-4773-964E-D883E1B815D1}
		{2BA3A68D-2D21-45CA-8430-BE4D688C2462} = {71525AF3-5AE0-4773-964E-D883E1B815D1}
	EndGlobalSection
	GlobalSection(ExtensibilityGlobals) = postSolution
		SolutionGuid = {87DC743C-1956-466A-8480-2C9C7A56DD65}
	EndGlobalSection
EndGlobal
